
Microsoft Visual Studio Solution File, Format Version 12.00
# Visual Studio Version 16
VisualStudioVersion = 16.0.810.16
MinimumVisualStudioVersion = 10.0.40219.1
Project("{FAE04EC0-301F-11D3-BF4B-00C04F79EFBC}") = "ConnectivityChecker.Android", "ConnectivityChecker.Android\ConnectivityChecker.Android.csproj", "{0EBA6AF2-3175-491C-831D-37DFEBDF3F20}"
EndProject
Project("{FAE04EC0-301F-11D3-BF4B-00C04F79EFBC}") = "ConnectivityChecker.iOS", "ConnectivityChecker.iOS\ConnectivityChecker.iOS.csproj", "{FF4244F7-08D4-429B-A635-B18B09A19852}"
EndProject
Project("{FAE04EC0-301F-11D3-BF4B-00C04F79EFBC}") = "ConnectivityChecker", "ConnectivityChecker\ConnectivityChecker.csproj", "{A4BC3F52-557D-4E4E-8E63-1BFF212E8DD6}"
EndProject
Project("{2150E333-8FDC-42A3-9474-1A3956D46DE8}") = "Platforms", "Platforms", "{2D859099-92E1-45D8-8215-CD94A57E6D73}"
EndProject
Project("{FAE04EC0-301F-11D3-BF4B-00C04F79EFBC}") = "ConnectivityChecker.MacOs", "ConnectivityChecker.MacOs\ConnectivityChecker.MacOs.csproj", "{C4BE9516-ECF8-4B3A-8766-4316ECD52804}"
EndProject
Global
	GlobalSection(SolutionConfigurationPlatforms) = preSolution
		Debug|Any CPU = Debug|Any CPU
		Release|Any CPU = Release|Any CPU
		Debug|iPhoneSimulator = Debug|iPhoneSimulator
		Release|iPhoneSimulator = Release|iPhoneSimulator
		Debug|iPhone = Debug|iPhone
		Release|iPhone = Release|iPhone
	EndGlobalSection
	GlobalSection(ProjectConfigurationPlatforms) = postSolution
		{0EBA6AF2-3175-491C-831D-37DFEBDF3F20}.Debug|Any CPU.ActiveCfg = Debug|Any CPU
		{0EBA6AF2-3175-491C-831D-37DFEBDF3F20}.Debug|Any CPU.Build.0 = Debug|Any CPU
		{0EBA6AF2-3175-491C-831D-37DFEBDF3F20}.Release|Any CPU.ActiveCfg = Release|Any CPU
		{0EBA6AF2-3175-491C-831D-37DFEBDF3F20}.Release|Any CPU.Build.0 = Release|Any CPU
		{0EBA6AF2-3175-491C-831D-37DFEBDF3F20}.Debug|iPhoneSimulator.ActiveCfg = Debug|Any CPU
		{0EBA6AF2-3175-491C-831D-37DFEBDF3F20}.Debug|iPhoneSimulator.Build.0 = Debug|Any CPU
		{0EBA6AF2-3175-491C-831D-37DFEBDF3F20}.Release|iPhoneSimulator.ActiveCfg = Release|Any CPU
		{0EBA6AF2-3175-491C-831D-37DFEBDF3F20}.Release|iPhoneSimulator.Build.0 = Release|Any CPU
		{0EBA6AF2-3175-491C-831D-37DFEBDF3F20}.Debug|iPhone.ActiveCfg = Debug|Any CPU
		{0EBA6AF2-3175-491C-831D-37DFEBDF3F20}.Debug|iPhone.Build.0 = Debug|Any CPU
		{0EBA6AF2-3175-491C-831D-37DFEBDF3F20}.Release|iPhone.ActiveCfg = Release|Any CPU
		{0EBA6AF2-3175-491C-831D-37DFEBDF3F20}.Release|iPhone.Build.0 = Release|Any CPU
		{FF4244F7-08D4-429B-A635-B18B09A19852}.Debug|Any CPU.ActiveCfg = Debug|iPhoneSimulator
		{FF4244F7-08D4-429B-A635-B18B09A19852}.Debug|Any CPU.Build.0 = Debug|iPhoneSimulator
		{FF4244F7-08D4-429B-A635-B18B09A19852}.Release|Any CPU.ActiveCfg = Release|iPhoneSimulator
		{FF4244F7-08D4-429B-A635-B18B09A19852}.Release|Any CPU.Build.0 = Release|iPhoneSimulator
		{FF4244F7-08D4-429B-A635-B18B09A19852}.Debug|iPhoneSimulator.ActiveCfg = Debug|iPhoneSimulator
		{FF4244F7-08D4-429B-A635-B18B09A19852}.Debug|iPhoneSimulator.Build.0 = Debug|iPhoneSimulator
		{FF4244F7-08D4-429B-A635-B18B09A19852}.Release|iPhoneSimulator.ActiveCfg = Release|iPhoneSimulator
		{FF4244F7-08D4-429B-A635-B18B09A19852}.Release|iPhoneSimulator.Build.0 = Release|iPhoneSimulator
		{FF4244F7-08D4-429B-A635-B18B09A19852}.Debug|iPhone.ActiveCfg = Debug|iPhone
		{FF4244F7-08D4-429B-A635-B18B09A19852}.Debug|iPhone.Build.0 = Debug|iPhone
		{FF4244F7-08D4-429B-A635-B18B09A19852}.Release|iPhone.ActiveCfg = Release|iPhone
		{FF4244F7-08D4-429B-A635-B18B09A19852}.Release|iPhone.Build.0 = Release|iPhone
		{A4BC3F52-557D-4E4E-8E63-1BFF212E8DD6}.Debug|Any CPU.ActiveCfg = Debug|Any CPU
		{A4BC3F52-557D-4E4E-8E63-1BFF212E8DD6}.Debug|Any CPU.Build.0 = Debug|Any CPU
		{A4BC3F52-557D-4E4E-8E63-1BFF212E8DD6}.Release|Any CPU.ActiveCfg = Release|Any CPU
		{A4BC3F52-557D-4E4E-8E63-1BFF212E8DD6}.Release|Any CPU.Build.0 = Release|Any CPU
		{A4BC3F52-557D-4E4E-8E63-1BFF212E8DD6}.Debug|iPhoneSimulator.ActiveCfg = Debug|Any CPU
		{A4BC3F52-557D-4E4E-8E63-1BFF212E8DD6}.Debug|iPhoneSimulator.Build.0 = Debug|Any CPU
		{A4BC3F52-557D-4E4E-8E63-1BFF212E8DD6}.Release|iPhoneSimulator.ActiveCfg = Release|Any CPU
		{A4BC3F52-557D-4E4E-8E63-1BFF212E8DD6}.Release|iPhoneSimulator.Build.0 = Release|Any CPU
		{A4BC3F52-557D-4E4E-8E63-1BFF212E8DD6}.Debug|iPhone.ActiveCfg = Debug|Any CPU
		{A4BC3F52-557D-4E4E-8E63-1BFF212E8DD6}.Debug|iPhone.Build.0 = Debug|Any CPU
		{A4BC3F52-557D-4E4E-8E63-1BFF212E8DD6}.Release|iPhone.ActiveCfg = Release|Any CPU
		{A4BC3F52-557D-4E4E-8E63-1BFF212E8DD6}.Release|iPhone.Build.0 = Release|Any CPU
		{C4BE9516-ECF8-4B3A-8766-4316ECD52804}.Debug|Any CPU.ActiveCfg = Debug|Any CPU
		{C4BE9516-ECF8-4B3A-8766-4316ECD52804}.Debug|Any CPU.Build.0 = Debug|Any CPU
		{C4BE9516-ECF8-4B3A-8766-4316ECD52804}.Release|Any CPU.ActiveCfg = Release|Any CPU
		{C4BE9516-ECF8-4B3A-8766-4316ECD52804}.Release|Any CPU.Build.0 = Release|Any CPU
		{C4BE9516-ECF8-4B3A-8766-4316ECD52804}.Debug|iPhoneSimulator.ActiveCfg = Debug|Any CPU
		{C4BE9516-ECF8-4B3A-8766-4316ECD52804}.Debug|iPhoneSimulator.Build.0 = Debug|Any CPU
		{C4BE9516-ECF8-4B3A-8766-4316ECD52804}.Release|iPhoneSimulator.ActiveCfg = Release|Any CPU
		{C4BE9516-ECF8-4B3A-8766-4316ECD52804}.Release|iPhoneSimulator.Build.0 = Release|Any CPU
		{C4BE9516-ECF8-4B3A-8766-4316ECD52804}.Debug|iPhone.ActiveCfg = Debug|Any CPU
		{C4BE9516-ECF8-4B3A-8766-4316ECD52804}.Debug|iPhone.Build.0 = Debug|Any CPU
		{C4BE9516-ECF8-4B3A-8766-4316ECD52804}.Release|iPhone.ActiveCfg = Release|Any CPU
		{C4BE9516-ECF8-4B3A-8766-4316ECD52804}.Release|iPhone.Build.0 = Release|Any CPU
	EndGlobalSection
	GlobalSection(SolutionProperties) = preSolution
		HideSolutionNode = FALSE
	EndGlobalSection
	GlobalSection(ExtensibilityGlobals) = postSolution
		SolutionGuid = {DC3983E7-903B-42C5-833E-A98C29BE2D84}
	EndGlobalSection
	GlobalSection(NestedProjects) = preSolution
		{0EBA6AF2-3175-491C-831D-37DFEBDF3F20} = {2D859099-92E1-45D8-8215-CD94A57E6D73}
		{FF4244F7-08D4-429B-A635-B18B09A19852} = {2D859099-92E1-45D8-8215-CD94A57E6D73}
		{C4BE9516-ECF8-4B3A-8766-4316ECD52804} = {2D859099-92E1-45D8-8215-CD94A57E6D73}
	EndGlobalSection
EndGlobal
